
Microsoft Visual Studio Solution File, Format Version 12.00
# Visual Studio Version 16
VisualStudioVersion = 16.0.30503.244
MinimumVisualStudioVersion = 10.0.40219.1
Project("{888888A0-9F3D-457C-B088-3A5042F75D52}") = "CountClicks", "CountClicks.pyproj", "{C5067D55-D31E-4965-B95E-B30116F8DC56}"
EndProject
Global
	GlobalSection(SolutionConfigurationPlatforms) = preSolution
		Debug|Any CPU = Debug|Any CPU
		Release|Any CPU = Release|Any CPU
	EndGlobalSection
	GlobalSection(ProjectConfigurationPlatforms) = postSolution
		{C5067D55-D31E-4965-B95E-B30116F8DC56}.Debug|Any CPU.ActiveCfg = Debug|Any CPU
		{C5067D55-D31E-4965-B95E-B30116F8DC56}.Debug|Any CPU.Build.0 = Debug|Any CPU
		{C5067D55-D31E-4965-B95E-B30116F8DC56}.Release|Any CPU.ActiveCfg = Release|Any CPU
		{C5067D55-D31E-4965-B95E-B30116F8DC56}.Release|Any CPU.Build.0 = Release|Any CPU
	EndGlobalSection
	GlobalSection(SolutionProperties) = preSolution
		HideSolutionNode = FALSE
	EndGlobalSection
	GlobalSection(ExtensibilityGlobals) = postSolution
		SolutionGuid = {DEADF578-5CE3-445F-B050-60A38EAED78C}
	EndGlobalSection
EndGlobal
